{
    "format_version": "1.2",
    "terraform_version": "1.7.3",
    "planned_values": {
        "outputs": {
            "container_id": {
                "sensitive": false
            },
            "image_id": {
                "sensitive": false,
                "type": "string",
                "value": "sha256:e4720093a3c1381245b53a5a51b417963b3c4472d3f47fc301930a4f3b17666anginx:latest"
            },
            "name": {
                "sensitive": false,
                "type": "string",
                "value": "tutorial"
            }
        },
        "root_module": {
            "resources": [
                {
                    "address": "docker_container.nginx",
                    "mode": "managed",
                    "type": "docker_container",
                    "name": "nginx",
                    "provider_name": "registry.terraform.io/kreuzwerker/docker",
                    "schema_version": 2,
                    "values": {
                        "attach": false,
                        "capabilities": [],
                        "cgroupns_mode": null,
                        "container_read_refresh_timeout_milliseconds": 15000,
                        "cpu_set": null,
                        "cpu_shares": null,
                        "destroy_grace_seconds": null,
                        "devices": [],
                        "dns": null,
                        "dns_opts": null,
                        "dns_search": null,
                        "domainname": null,
                        "gpus": null,
                        "group_add": null,
                        "host": [],
                        "image": "sha256:e4720093a3c1381245b53a5a51b417963b3c4472d3f47fc301930a4f3b17666a",
                        "log_opts": null,
                        "logs": false,
                        "max_retry_count": null,
                        "memory": null,
                        "memory_swap": null,
                        "mounts": [],
                        "must_run": true,
                        "name": "tutorial",
                        "network_mode": null,
                        "networks_advanced": [],
                        "pid_mode": null,
                        "ports": [
                            {
                                "external": 8080,
                                "internal": 80,
                                "ip": "0.0.0.0",
                                "protocol": "tcp"
                            }
                        ],
                        "privileged": null,
                        "publish_all_ports": null,
                        "read_only": false,
                        "remove_volumes": true,
                        "restart": "no",
                        "rm": false,
                        "start": true,
                        "stdin_open": false,
                        "storage_opts": null,
                        "sysctls": null,
                        "tmpfs": null,
                        "tty": false,
                        "ulimit": [],
                        "upload": [],
                        "user": null,
                        "userns_mode": null,
                        "volumes": [],
                        "wait": false,
                        "wait_timeout": 60,
                        "working_dir": null
                    },
                    "sensitive_values": {
                        "capabilities": [],
                        "command": [],
                        "devices": [],
                        "entrypoint": [],
                        "env": [],
                        "healthcheck": [],
                        "host": [],
                        "labels": [],
                        "mounts": [],
                        "network_data": [],
                        "networks_advanced": [],
                        "ports": [
                            {}
                        ],
                        "security_opts": [],
                        "ulimit": [],
                        "upload": [],
                        "volumes": []
                    }
                },
                {
                    "address": "docker_image.nginx",
                    "mode": "managed",
                    "type": "docker_image",
                    "name": "nginx",
                    "provider_name": "registry.terraform.io/kreuzwerker/docker",
                    "schema_version": 0,
                    "values": {
                        "build": [],
                        "force_remove": null,
                        "id": "sha256:e4720093a3c1381245b53a5a51b417963b3c4472d3f47fc301930a4f3b17666anginx:latest",
                        "image_id": "sha256:e4720093a3c1381245b53a5a51b417963b3c4472d3f47fc301930a4f3b17666a",
                        "keep_locally": false,
                        "name": "nginx:latest",
                        "platform": null,
                        "pull_triggers": null,
                        "repo_digest": "nginx@sha256:c26ae7472d624ba1fafd296e73cecc4f93f853088e6a9c13c0d52f6ca5865107",
                        "triggers": null
                    },
                    "sensitive_values": {
                        "build": []
                    }
                }
            ]
        }
    },
    "resource_drift": [
        {
            "address": "docker_container.nginx",
            "mode": "managed",
            "type": "docker_container",
            "name": "nginx",
            "provider_name": "registry.terraform.io/kreuzwerker/docker",
            "change": {
                "actions": [
                    "delete"
                ],
                "before": {
                    "attach": false,
                    "bridge": "",
                    "capabilities": [],
                    "cgroupns_mode": null,
                    "command": [
                        "nginx",
                        "-g",
                        "daemon off;"
                    ],
                    "container_logs": null,
                    "container_read_refresh_timeout_milliseconds": 15000,
                    "cpu_set": "",
                    "cpu_shares": 0,
                    "destroy_grace_seconds": null,
                    "devices": [],
                    "dns": null,
                    "dns_opts": null,
                    "dns_search": null,
                    "domainname": "",
                    "entrypoint": [
                        "/docker-entrypoint.sh"
                    ],
                    "env": [],
                    "exit_code": null,
                    "gpus": null,
                    "group_add": null,
                    "healthcheck": [],
                    "host": [],
                    "hostname": "867ea4be194d",
                    "id": "867ea4be194dfb70d3b7a2d7f9a2af3f835633375f6d4748b33acd2648a7976a",
                    "image": "sha256:e4720093a3c1381245b53a5a51b417963b3c4472d3f47fc301930a4f3b17666a",
                    "init": false,
                    "ipc_mode": "private",
                    "labels": [],
                    "log_driver": "json-file",
                    "log_opts": null,
                    "logs": false,
                    "max_retry_count": 0,
                    "memory": 0,
                    "memory_swap": 0,
                    "mounts": [],
                    "must_run": true,
                    "name": "tutorial",
                    "network_data": [
                        {
                            "gateway": "172.17.0.1",
                            "global_ipv6_address": "",
                            "global_ipv6_prefix_length": 0,
                            "ip_address": "172.17.0.2",
                            "ip_prefix_length": 16,
                            "ipv6_gateway": "",
                            "mac_address": "02:42:ac:11:00:02",
                            "network_name": "bridge"
                        }
                    ],
                    "network_mode": "default",
                    "networks_advanced": [],
                    "pid_mode": "",
                    "ports": [
                        {
                            "external": 8080,
                            "internal": 80,
                            "ip": "0.0.0.0",
                            "protocol": "tcp"
                        }
                    ],
                    "privileged": false,
                    "publish_all_ports": false,
                    "read_only": false,
                    "remove_volumes": true,
                    "restart": "no",
                    "rm": false,
                    "runtime": "runc",
                    "security_opts": [],
                    "shm_size": 64,
                    "start": true,
                    "stdin_open": false,
                    "stop_signal": "SIGQUIT",
                    "stop_timeout": 0,
                    "storage_opts": null,
                    "sysctls": null,
                    "tmpfs": null,
                    "tty": false,
                    "ulimit": [],
                    "upload": [],
                    "user": "",
                    "userns_mode": "",
                    "volumes": [],
                    "wait": false,
                    "wait_timeout": 60,
                    "working_dir": ""
                },
                "after": null,
                "after_unknown": {},
                "before_sensitive": {
                    "capabilities": [],
                    "command": [
                        false,
                        false,
                        false
                    ],
                    "devices": [],
                    "entrypoint": [
                        false
                    ],
                    "env": [],
                    "healthcheck": [],
                    "host": [],
                    "labels": [],
                    "mounts": [],
                    "network_data": [
                        {}
                    ],
                    "networks_advanced": [],
                    "ports": [
                        {}
                    ],
                    "security_opts": [],
                    "ulimit": [],
                    "upload": [],
                    "volumes": []
                },
                "after_sensitive": false
            }
        }
    ],
    "resource_changes": [
        {
            "address": "docker_container.nginx",
            "mode": "managed",
            "type": "docker_container",
            "name": "nginx",
            "provider_name": "registry.terraform.io/kreuzwerker/docker",
            "change": {
                "actions": [
                    "create"
                ],
                "before": null,
                "after": {
                    "attach": false,
                    "capabilities": [],
                    "cgroupns_mode": null,
                    "container_read_refresh_timeout_milliseconds": 15000,
                    "cpu_set": null,
                    "cpu_shares": null,
                    "destroy_grace_seconds": null,
                    "devices": [],
                    "dns": null,
                    "dns_opts": null,
                    "dns_search": null,
                    "domainname": null,
                    "gpus": null,
                    "group_add": null,
                    "host": [],
                    "image": "sha256:e4720093a3c1381245b53a5a51b417963b3c4472d3f47fc301930a4f3b17666a",
                    "log_opts": null,
                    "logs": false,
                    "max_retry_count": null,
                    "memory": null,
                    "memory_swap": null,
                    "mounts": [],
                    "must_run": true,
                    "name": "tutorial",
                    "network_mode": null,
                    "networks_advanced": [],
                    "pid_mode": null,
                    "ports": [
                        {
                            "external": 8080,
                            "internal": 80,
                            "ip": "0.0.0.0",
                            "protocol": "tcp"
                        }
                    ],
                    "privileged": null,
                    "publish_all_ports": null,
                    "read_only": false,
                    "remove_volumes": true,
                    "restart": "no",
                    "rm": false,
                    "start": true,
                    "stdin_open": false,
                    "storage_opts": null,
                    "sysctls": null,
                    "tmpfs": null,
                    "tty": false,
                    "ulimit": [],
                    "upload": [],
                    "user": null,
                    "userns_mode": null,
                    "volumes": [],
                    "wait": false,
                    "wait_timeout": 60,
                    "working_dir": null
                },
                "after_unknown": {
                    "bridge": true,
                    "capabilities": [],
                    "command": true,
                    "container_logs": true,
                    "devices": [],
                    "entrypoint": true,
                    "env": true,
                    "exit_code": true,
                    "healthcheck": true,
                    "host": [],
                    "hostname": true,
                    "id": true,
                    "init": true,
                    "ipc_mode": true,
                    "labels": true,
                    "log_driver": true,
                    "mounts": [],
                    "network_data": true,
                    "networks_advanced": [],
                    "ports": [
                        {}
                    ],
                    "runtime": true,
                    "security_opts": true,
                    "shm_size": true,
                    "stop_signal": true,
                    "stop_timeout": true,
                    "ulimit": [],
                    "upload": [],
                    "volumes": []
                },
                "before_sensitive": false,
                "after_sensitive": {
                    "capabilities": [],
                    "command": [],
                    "devices": [],
                    "entrypoint": [],
                    "env": [],
                    "healthcheck": [],
                    "host": [],
                    "labels": [],
                    "mounts": [],
                    "network_data": [],
                    "networks_advanced": [],
                    "ports": [
                        {}
                    ],
                    "security_opts": [],
                    "ulimit": [],
                    "upload": [],
                    "volumes": []
                }
            }
        },
        {
            "address": "docker_image.nginx",
            "mode": "managed",
            "type": "docker_image",
            "name": "nginx",
            "provider_name": "registry.terraform.io/kreuzwerker/docker",
            "change": {
                "actions": [
                    "no-op"
                ],
                "before": {
                    "build": [],
                    "force_remove": null,
                    "id": "sha256:e4720093a3c1381245b53a5a51b417963b3c4472d3f47fc301930a4f3b17666anginx:latest",
                    "image_id": "sha256:e4720093a3c1381245b53a5a51b417963b3c4472d3f47fc301930a4f3b17666a",
                    "keep_locally": false,
                    "name": "nginx:latest",
                    "platform": null,
                    "pull_triggers": null,
                    "repo_digest": "nginx@sha256:c26ae7472d624ba1fafd296e73cecc4f93f853088e6a9c13c0d52f6ca5865107",
                    "triggers": null
                },
                "after": {
                    "build": [],
                    "force_remove": null,
                    "id": "sha256:e4720093a3c1381245b53a5a51b417963b3c4472d3f47fc301930a4f3b17666anginx:latest",
                    "image_id": "sha256:e4720093a3c1381245b53a5a51b417963b3c4472d3f47fc301930a4f3b17666a",
                    "keep_locally": false,
                    "name": "nginx:latest",
                    "platform": null,
                    "pull_triggers": null,
                    "repo_digest": "nginx@sha256:c26ae7472d624ba1fafd296e73cecc4f93f853088e6a9c13c0d52f6ca5865107",
                    "triggers": null
                },
                "after_unknown": {},
                "before_sensitive": {
                    "build": []
                },
                "after_sensitive": {
                    "build": []
                }
            }
        }
    ],
    "output_changes": {
        "container_id": {
            "actions": [
                "update"
            ],
            "before": "867ea4be194dfb70d3b7a2d7f9a2af3f835633375f6d4748b33acd2648a7976a",
            "after_unknown": true,
            "before_sensitive": false,
            "after_sensitive": false
        },
        "image_id": {
            "actions": [
                "no-op"
            ],
            "before": "sha256:e4720093a3c1381245b53a5a51b417963b3c4472d3f47fc301930a4f3b17666anginx:latest",
            "after": "sha256:e4720093a3c1381245b53a5a51b417963b3c4472d3f47fc301930a4f3b17666anginx:latest",
            "after_unknown": false,
            "before_sensitive": false,
            "after_sensitive": false
        },
        "name": {
            "actions": [
                "no-op"
            ],
            "before": "tutorial",
            "after": "tutorial",
            "after_unknown": false,
            "before_sensitive": false,
            "after_sensitive": false
        }
    },
    "prior_state": {
        "format_version": "1.0",
        "terraform_version": "1.7.3",
        "values": {
            "outputs": {
                "container_id": {
                    "sensitive": false,
                    "value": "867ea4be194dfb70d3b7a2d7f9a2af3f835633375f6d4748b33acd2648a7976a",
                    "type": "string"
                },
                "image_id": {
                    "sensitive": false,
                    "value": "sha256:e4720093a3c1381245b53a5a51b417963b3c4472d3f47fc301930a4f3b17666anginx:latest",
                    "type": "string"
                },
                "name": {
                    "sensitive": false,
                    "value": "tutorial",
                    "type": "string"
                }
            },
            "root_module": {
                "resources": [
                    {
                        "address": "docker_image.nginx",
                        "mode": "managed",
                        "type": "docker_image",
                        "name": "nginx",
                        "provider_name": "registry.terraform.io/kreuzwerker/docker",
                        "schema_version": 0,
                        "values": {
                            "build": [],
                            "force_remove": null,
                            "id": "sha256:e4720093a3c1381245b53a5a51b417963b3c4472d3f47fc301930a4f3b17666anginx:latest",
                            "image_id": "sha256:e4720093a3c1381245b53a5a51b417963b3c4472d3f47fc301930a4f3b17666a",
                            "keep_locally": false,
                            "name": "nginx:latest",
                            "platform": null,
                            "pull_triggers": null,
                            "repo_digest": "nginx@sha256:c26ae7472d624ba1fafd296e73cecc4f93f853088e6a9c13c0d52f6ca5865107",
                            "triggers": null
                        },
                        "sensitive_values": {
                            "build": []
                        }
                    }
                ]
            }
        }
    },
    "configuration": {
        "provider_config": {
            "docker": {
                "name": "holyballswork",
                "full_name": "registry.terraform.io/kreuzwerker/docker",
                "version_constraint": "~\u003e 3.0.1"
            }
        },
        "root_module": {
            "outputs": {
                "container_id": {
                    "expression": {
                        "references": [
                            "docker_container.nginx.id",
                            "docker_container.nginx"
                        ]
                    },
                    "description": "ID of the Docker container, yeah daddy"
                },
                "image_id": {
                    "expression": {
                        "references": [
                            "docker_image.nginx.id",
                            "docker_image.nginx"
                        ]
                    },
                    "description": "ID of the Docker image"
                },
                "name": {
                    "expression": {
                        "references": [
                            "docker_container.nginx.name",
                            "docker_container.nginx"
                        ]
                    },
                    "description": "Name of the docker image"
                }
            },
            "resources": [
                {
                    "address": "docker_container.nginx",
                    "mode": "managed",
                    "type": "docker_container",
                    "name": "nginx",
                    "provider_config_key": "docker",
                    "expressions": {
                        "image": {
                            "references": [
                                "docker_image.nginx.image_id",
                                "docker_image.nginx"
                            ]
                        },
                        "name": {
                            "constant_value": "tutorial"
                        },
                        "ports": [
                            {
                                "external": {
                                    "constant_value": 8080
                                },
                                "internal": {
                                    "constant_value": 80
                                }
                            }
                        ]
                    },
                    "schema_version": 2
                },
                {
                    "address": "docker_image.nginx",
                    "mode": "managed",
                    "type": "docker_image",
                    "name": "nginx",
                    "provider_config_key": "docker",
                    "expressions": {
                        "keep_locally": {
                            "constant_value": false
                        },
                        "name": {
                            "constant_value": "nginx:latest"
                        }
                    },
                    "schema_version": 0
                }
            ]
        }
    },
    "relevant_attributes": [
        {
            "resource": "docker_image.nginx",
            "attribute": [
                "image_id"
            ]
        },
        {
            "resource": "docker_container.nginx",
            "attribute": [
                "id"
            ]
        }
    ],
    "timestamp": "2024-02-20T19:04:35Z",
    "errored": false
}